{
    "_meta": {
        "hash": {
            "sha256": "057b77262e6c8b20f8fed8c43d0344adae3a2c46daaed85b0b9d8407acb8a9ef"
        },
        "pipfile-spec": 6,
        "requires": {
            "python_version": "3.8"
        },
        "sources": [
            {
                "name": "pypi",
                "url": "https://pypi.org/simple",
                "verify_ssl": true
            }
        ]
    },
    "default": {
        "django-countries": {
            "hashes": [
                "sha256:058e3cd82705ebf8ef680fb623b1da2d47bc03b816a71589a8279d2e5a7a5389",
                "sha256:94170e99465f7ea504da828c8e64f36d94440a86907fc8ecb56c5336aafae0cd"
            ],
            "index": "pypi",
            "version": "==7.1"
        }
    },
    "develop": {}
}
